# This file was autogenerated by Stack.
# You should not edit this file by hand.
# For more information, please see the documentation at:
#   https://docs.haskellstack.org/en/stable/lock_files

packages:
- completed:
    hackage: evoke-0.2021.9.14@sha256:5d5f0fb46503177fce675087701fbba158357656f517ec001dfcceb59b2155a1,1583
    pantry-tree:
      size: 1258
      sha256: 438fa1e4e6b021ea9960586999cdad53f52f9525fa6332d831c14befb55f74df
  original:
    hackage: evoke-0.2021.9.14@sha256:5d5f0fb46503177fce675087701fbba158357656f517ec001dfcceb59b2155a1,1583
- completed:
    name: type-level-sets
    version: 0.8.10.0
    git: https://github.com/jmorag/type-level-sets
    pantry-tree:
      size: 775
      sha256: bd765ed53dc83a50ee2ef537f15ebc2e6e754517cc8c227c94f5b601b45539d4
    commit: 5ca8df2dc3fdc92f123064cf621ce0668cd9e507
  original:
    git: https://github.com/jmorag/type-level-sets
    commit: 5ca8df2dc3fdc92f123064cf621ce0668cd9e507
- completed:
    hackage: relude-1.0.0.1@sha256:35bcdaf14018e79f11e712b0e2314c1aac79976f28f4adc179985457493557d5,11569
    pantry-tree:
      size: 4282
      sha256: ead687d39d06c841de36fc214402ad4389e8837284485cfe52d975f51b274e81
  original:
    hackage: relude-1.0.0.1@sha256:35bcdaf14018e79f11e712b0e2314c1aac79976f28f4adc179985457493557d5,11569
- completed:
    name: databass
    version: 0.1.0.0
    git: https://github.com/laurenarnett/databass
    pantry-tree:
      size: 523
      sha256: a76938f7bbf84247e2ae8b87ac8a311197065f03a4454a702424456554de74fa
    commit: 455c89c2ca1178a7231f37ef4108bc7721bb3385
  original:
    git: https://github.com/laurenarnett/databass
    commit: 455c89c2ca1178a7231f37ef4108bc7721bb3385
snapshots:
- completed:
    size: 586296
    url: https://raw.githubusercontent.com/commercialhaskell/stackage-snapshots/master/lts/18/18.yaml
    sha256: 63539429076b7ebbab6daa7656cfb079393bf644971156dc349d7c0453694ac2
  original: lts-18.18
