# This file was autogenerated by Stack.
# You should not edit this file by hand.
# For more information, please see the documentation at:
#   https://docs.haskellstack.org/en/stable/lock_files

packages:
- completed:
    hackage: evoke-0.2021.9.14@sha256:5d5f0fb46503177fce675087701fbba158357656f517ec001dfcceb59b2155a1,1583
    pantry-tree:
      size: 1258
      sha256: 438fa1e4e6b021ea9960586999cdad53f52f9525fa6332d831c14befb55f74df
  original:
    hackage: evoke-0.2021.9.14@sha256:5d5f0fb46503177fce675087701fbba158357656f517ec001dfcceb59b2155a1,1583
- completed:
    hackage: type-level-sets-0.8.9.0@sha256:e29f4045b68e46e0f88153c63f48fb026917eeacafd9b81fc059417a85e68031,3123
    pantry-tree:
      size: 382
      sha256: e7b4e38017e1231b70c511f95a057692a43366408137639da510b25155662a09
  original:
    hackage: type-level-sets-0.8.9.0@sha256:e29f4045b68e46e0f88153c63f48fb026917eeacafd9b81fc059417a85e68031,3123
- completed:
    hackage: relude-1.0.0.1@sha256:35bcdaf14018e79f11e712b0e2314c1aac79976f28f4adc179985457493557d5,11569
    pantry-tree:
      size: 4282
      sha256: ead687d39d06c841de36fc214402ad4389e8837284485cfe52d975f51b274e81
  original:
    hackage: relude-1.0.0.1@sha256:35bcdaf14018e79f11e712b0e2314c1aac79976f28f4adc179985457493557d5,11569
snapshots:
- completed:
    size: 586296
    url: https://raw.githubusercontent.com/commercialhaskell/stackage-snapshots/master/lts/18/18.yaml
    sha256: 63539429076b7ebbab6daa7656cfb079393bf644971156dc349d7c0453694ac2
  original: lts-18.18
